{
  "name": "football_league_standings",
  "version": "0.1.0",
  "lockfileVersion": 3,
  "requires": true,
  "packages": {
    "": {
      "name": "football_league_standings",
      "version": "0.1.0",
      "dependencies": {
        "next": "14.0.1",
        "react": "^18",
        "react-dom": "^18",
        "reactflow": "^11.9.4"
      },
      "devDependencies": {
        "@types/node": "^20",
        "@types/react": "^18",
        "@types/react-dom": "^18",
        "typescript": "^5"
      }
    },
    "node_modules/@next/env": {
      "version": "14.0.1",
      "resolved": "https://registry.npmjs.org/@next/env/-/env-14.0.1.tgz",
      "integrity": "sha512-Ms8ZswqY65/YfcjrlcIwMPD7Rg/dVjdLapMcSHG26W6O67EJDF435ShW4H4LXi1xKO1oRc97tLXUpx8jpLe86A=="
    },
    "node_modules/@next/swc-darwin-arm64": {
      "version": "14.0.1",
      "resolved": "https://registry.npmjs.org/@next/swc-darwin-arm64/-/swc-darwin-arm64-14.0.1.tgz",
      "integrity": "sha512-JyxnGCS4qT67hdOKQ0CkgFTp+PXub5W1wsGvIq98TNbF3YEIN7iDekYhYsZzc8Ov0pWEsghQt+tANdidITCLaw==",
      "cpu": [
        "arm64"
      ],
      "optional": true,
      "os": [
        "darwin"
      ],
      "engines": {
        "node": ">= 10"
      }
    },
    "node_modules/@next/swc-darwin-x64": {
      "version": "14.0.1",
      "resolved": "https://registry.npmjs.org/@next/swc-darwin-x64/-/swc-darwin-x64-14.0.1.tgz",
      "integrity": "sha512-625Z7bb5AyIzswF9hvfZWa+HTwFZw+Jn3lOBNZB87lUS0iuCYDHqk3ujuHCkiyPtSC0xFBtYDLcrZ11mF/ap3w==",
      "cpu": [
        "x64"
      ],
      "optional": true,
      "os": [
        "darwin"
      ],
      "engines": {
        "node": ">= 10"
      }
    },
    "node_modules/@next/swc-linux-arm64-gnu": {
      "version": "14.0.1",
      "resolved": "https://registry.npmjs.org/@next/swc-linux-arm64-gnu/-/swc-linux-arm64-gnu-14.0.1.tgz",
      "integrity": "sha512-iVpn3KG3DprFXzVHM09kvb//4CNNXBQ9NB/pTm8LO+vnnnaObnzFdS5KM+w1okwa32xH0g8EvZIhoB3fI3mS1g==",
      "cpu": [
        "arm64"
      ],
      "optional": true,
      "os": [
        "linux"
      ],
      "engines": {
        "node": ">= 10"
      }
    },
    "node_modules/@next/swc-linux-arm64-musl": {
      "version": "14.0.1",
      "resolved": "https://registry.npmjs.org/@next/swc-linux-arm64-musl/-/swc-linux-arm64-musl-14.0.1.tgz",
      "integrity": "sha512-mVsGyMxTLWZXyD5sen6kGOTYVOO67lZjLApIj/JsTEEohDDt1im2nkspzfV5MvhfS7diDw6Rp/xvAQaWZTv1Ww==",
      "cpu": [
        "arm64"
      ],
      "optional": true,
      "os": [
        "linux"
      ],
      "engines": {
        "node": ">= 10"
      }
    },
    "node_modules/@next/swc-linux-x64-gnu": {
      "version": "14.0.1",
      "resolved": "https://registry.npmjs.org/@next/swc-linux-x64-gnu/-/swc-linux-x64-gnu-14.0.1.tgz",
      "integrity": "sha512-wMqf90uDWN001NqCM/auRl3+qVVeKfjJdT9XW+RMIOf+rhUzadmYJu++tp2y+hUbb6GTRhT+VjQzcgg/QTD9NQ==",
      "cpu": [
        "x64"
      ],
      "optional": true,
      "os": [
        "linux"
      ],
      "engines": {
        "node": ">= 10"
      }
    },
    "node_modules/@next/swc-linux-x64-musl": {
      "version": "14.0.1",
      "resolved": "https://registry.npmjs.org/@next/swc-linux-x64-musl/-/swc-linux-x64-musl-14.0.1.tgz",
      "integrity": "sha512-ol1X1e24w4j4QwdeNjfX0f+Nza25n+ymY0T2frTyalVczUmzkVD7QGgPTZMHfR1aLrO69hBs0G3QBYaj22J5GQ==",
      "cpu": [
        "x64"
      ],
      "optional": true,
      "os": [
        "linux"
      ],
      "engines": {
        "node": ">= 10"
      }
    },
    "node_modules/@next/swc-win32-arm64-msvc": {
      "version": "14.0.1",
      "resolved": "https://registry.npmjs.org/@next/swc-win32-arm64-msvc/-/swc-win32-arm64-msvc-14.0.1.tgz",
      "integrity": "sha512-WEmTEeWs6yRUEnUlahTgvZteh5RJc4sEjCQIodJlZZ5/VJwVP8p2L7l6VhzQhT4h7KvLx/Ed4UViBdne6zpIsw==",
      "cpu": [
        "arm64"
      ],
      "optional": true,
      "os": [
        "win32"
      ],
      "engines": {
        "node": ">= 10"
      }
    },
    "node_modules/@next/swc-win32-ia32-msvc": {
      "version": "14.0.1",
      "resolved": "https://registry.npmjs.org/@next/swc-win32-ia32-msvc/-/swc-win32-ia32-msvc-14.0.1.tgz",
      "integrity": "sha512-oFpHphN4ygAgZUKjzga7SoH2VGbEJXZa/KL8bHCAwCjDWle6R1SpiGOdUdA8EJ9YsG1TYWpzY6FTbUA+iAJeww==",
      "cpu": [
        "ia32"
      ],
      "optional": true,
      "os": [
        "win32"
      ],
      "engines": {
        "node": ">= 10"
      }
    },
    "node_modules/@next/swc-win32-x64-msvc": {
      "version": "14.0.1",
      "resolved": "https://registry.npmjs.org/@next/swc-win32-x64-msvc/-/swc-win32-x64-msvc-14.0.1.tgz",
      "integrity": "sha512-FFp3nOJ/5qSpeWT0BZQ+YE1pSMk4IMpkME/1DwKBwhg4mJLB9L+6EXuJi4JEwaJdl5iN+UUlmUD3IsR1kx5fAg==",
      "cpu": [
        "x64"
      ],
      "optional": true,
      "os": [
        "win32"
      ],
      "engines": {
        "node": ">= 10"
      }
    },
    "node_modules/@reactflow/background": {
      "version": "11.3.4",
      "resolved": "https://registry.npmjs.org/@reactflow/background/-/background-11.3.4.tgz",
      "integrity": "sha512-bgwvqWxF09chwmdkyClpYEMaewBspdwjgLbbFlLf4SpWPFMYyuvCBQrcISsvy/EDEWO9i3Uj9ktgGAhvtSQsmA==",
      "dependencies": {
        "@reactflow/core": "11.9.4",
        "classcat": "^5.0.3",
        "zustand": "^4.4.1"
      },
      "peerDependencies": {
        "react": ">=17",
        "react-dom": ">=17"
      }
    },
    "node_modules/@reactflow/controls": {
      "version": "11.2.4",
      "resolved": "https://registry.npmjs.org/@reactflow/controls/-/controls-11.2.4.tgz",
      "integrity": "sha512-x6e5p9iHjC6gd+4SoZ3DOOp0F1MefGKQ8hT6yPVdqxfo1+rV2WhrWvrX/MCoEu12Dp7457LdLfa0giy3aho8tQ==",
      "dependencies": {
        "@reactflow/core": "11.9.4",
        "classcat": "^5.0.3",
        "zustand": "^4.4.1"
      },
      "peerDependencies": {
        "react": ">=17",
        "react-dom": ">=17"
      }
    },
    "node_modules/@reactflow/core": {
      "version": "11.9.4",
      "resolved": "https://registry.npmjs.org/@reactflow/core/-/core-11.9.4.tgz",
      "integrity": "sha512-Ko7nKPOYalwDTTbRHi2+QXDiidSAcpUzGN3G+0B+QysLZkcaPCkpkMjjHiDC4c/Z1BJBzs1FRJg/T6BXaBnYkg==",
      "dependencies": {
        "@types/d3": "^7.4.0",
        "@types/d3-drag": "^3.0.1",
        "@types/d3-selection": "^3.0.3",
        "@types/d3-zoom": "^3.0.1",
        "classcat": "^5.0.3",
        "d3-drag": "^3.0.0",
        "d3-selection": "^3.0.0",
        "d3-zoom": "^3.0.0",
        "zustand": "^4.4.1"
      },
      "peerDependencies": {
        "react": ">=17",
        "react-dom": ">=17"
      }
    },
    "node_modules/@reactflow/minimap": {
      "version": "11.7.4",
      "resolved": "https://registry.npmjs.org/@reactflow/minimap/-/minimap-11.7.4.tgz",
      "integrity": "sha512-Jo1R+uDey9IV7O2s3m0gK2+cZpg9M8hq2EZJb3NGfOSzMAPhj3mby0fNJIgTzycreuht0TpA51c2YfjGI3YIOw==",
      "dependencies": {
        "@reactflow/core": "11.9.4",
        "@types/d3-selection": "^3.0.3",
        "@types/d3-zoom": "^3.0.1",
        "classcat": "^5.0.3",
        "d3-selection": "^3.0.0",
        "d3-zoom": "^3.0.0",
        "zustand": "^4.4.1"
      },
      "peerDependencies": {
        "react": ">=17",
        "react-dom": ">=17"
      }
    },
    "node_modules/@reactflow/node-resizer": {
      "version": "2.2.4",
      "resolved": "https://registry.npmjs.org/@reactflow/node-resizer/-/node-resizer-2.2.4.tgz",
      "integrity": "sha512-+p271/hAsM5M1+RQTWW/02pbNkCHeGXwxGimIlL1tMIagyuko0NX2vOz2B8jxJnPKlF09Wj18BcXBNUm3nDcSg==",
      "dependencies": {
        "@reactflow/core": "11.9.4",
        "classcat": "^5.0.4",
        "d3-drag": "^3.0.0",
        "d3-selection": "^3.0.0",
        "zustand": "^4.4.1"
      },
      "peerDependencies": {
        "react": ">=17",
        "react-dom": ">=17"
      }
    },
    "node_modules/@reactflow/node-toolbar": {
      "version": "1.3.4",
      "resolved": "https://registry.npmjs.org/@reactflow/node-toolbar/-/node-toolbar-1.3.4.tgz",
      "integrity": "sha512-TfcmpXHRBb2mUfzKGjburiU6FWqRME9pPFs1OwIC1z5e9BjupQhNDEKEk8XHi7PKL/mAiDfwuGXaM1BVVFuPqw==",
      "dependencies": {
        "@reactflow/core": "11.9.4",
        "classcat": "^5.0.3",
        "zustand": "^4.4.1"
      },
      "peerDependencies": {
        "react": ">=17",
        "react-dom": ">=17"
      }
    },
    "node_modules/@swc/helpers": {
      "version": "0.5.2",
      "resolved": "https://registry.npmjs.org/@swc/helpers/-/helpers-0.5.2.tgz",
      "integrity": "sha512-E4KcWTpoLHqwPHLxidpOqQbcrZVgi0rsmmZXUle1jXmJfuIf/UWpczUJ7MZZ5tlxytgJXyp0w4PGkkeLiuIdZw==",
      "dependencies": {
        "tslib": "^2.4.0"
      }
    },
    "node_modules/@types/d3": {
      "version": "7.4.2",
      "resolved": "https://registry.npmjs.org/@types/d3/-/d3-7.4.2.tgz",
      "integrity": "sha512-Y4g2Yb30ZJmmtqAJTqMRaqXwRawfvpdpVmyEYEcyGNhrQI/Zvkq3k7yE1tdN07aFSmNBfvmegMQ9Fe2qy9ZMhw==",
      "dependencies": {
        "@types/d3-array": "*",
        "@types/d3-axis": "*",
        "@types/d3-brush": "*",
        "@types/d3-chord": "*",
        "@types/d3-color": "*",
        "@types/d3-contour": "*",
        "@types/d3-delaunay": "*",
        "@types/d3-dispatch": "*",
        "@types/d3-drag": "*",
        "@types/d3-dsv": "*",
        "@types/d3-ease": "*",
        "@types/d3-fetch": "*",
        "@types/d3-force": "*",
        "@types/d3-format": "*",
        "@types/d3-geo": "*",
        "@types/d3-hierarchy": "*",
        "@types/d3-interpolate": "*",
        "@types/d3-path": "*",
        "@types/d3-polygon": "*",
        "@types/d3-quadtree": "*",
        "@types/d3-random": "*",
        "@types/d3-scale": "*",
        "@types/d3-scale-chromatic": "*",
        "@types/d3-selection": "*",
        "@types/d3-shape": "*",
        "@types/d3-time": "*",
        "@types/d3-time-format": "*",
        "@types/d3-timer": "*",
        "@types/d3-transition": "*",
        "@types/d3-zoom": "*"
      }
    },
    "node_modules/@types/d3-array": {
      "version": "3.2.0",
      "resolved": "https://registry.npmjs.org/@types/d3-array/-/d3-array-3.2.0.tgz",
      "integrity": "sha512-tjU8juPSfhMnu6mJZPOCVVGba4rZoE0tjHDPb81PYwA8CzbaFscGjgkUM7juUJu6iWA1cCVWNEVwxZ5HN9Jj8Q=="
    },
    "node_modules/@types/d3-axis": {
      "version": "3.0.5",
      "resolved": "https://registry.npmjs.org/@types/d3-axis/-/d3-axis-3.0.5.tgz",
      "integrity": "sha512-ufDAV3SQzju+uB3Jlty7SUb/jMigjpIlvDDcSGvGmmO6OT/sNO93UE0dRzwWOZeBLzrLSA0CQM4bf3iq1std3A==",
      "dependencies": {
        "@types/d3-selection": "*"
      }
    },
    "node_modules/@types/d3-brush": {
      "version": "3.0.5",
      "resolved": "https://registry.npmjs.org/@types/d3-brush/-/d3-brush-3.0.5.tgz",
      "integrity": "sha512-JROQXZNq1X6QdWstESDUv1VilwZ2hBCQnWB91yal+5yZvYwGQvYsGCjrkHGfKK/8/AcX1JnERmpQzdDDuLRUsA==",
      "dependencies": {
        "@types/d3-selection": "*"
      }
    },
    "node_modules/@types/d3-chord": {
      "version": "3.0.5",
      "resolved": "https://registry.npmjs.org/@types/d3-chord/-/d3-chord-3.0.5.tgz",
      "integrity": "sha512-rs26AIhJjtc+XLR4YQU8IjPTLOlDVO4PR1y+pVFYEHzKh2tE5tYz3MF4QV6iz7HboXQEaYpJQt8dH9uUkne8yA=="
    },
    "node_modules/@types/d3-color": {
      "version": "3.1.2",
      "resolved": "https://registry.npmjs.org/@types/d3-color/-/d3-color-3.1.2.tgz",
      "integrity": "sha512-At+Ski7dL8Bs58E8g8vPcFJc8tGcaC12Z4m07+p41+DRqnZQcAlp3NfYjLrhNYv+zEyQitU1CUxXNjqUyf+c0g=="
    },
    "node_modules/@types/d3-contour": {
      "version": "3.0.5",
      "resolved": "https://registry.npmjs.org/@types/d3-contour/-/d3-contour-3.0.5.tgz",
      "integrity": "sha512-wLvjwdOQVd1NL1IcW90CCt1VtpeZ3V20p/OTXlkT8uAiprrJnq2PNNnRNe1QCez4U9aMU29Z14zpJQVLW1+Lcg==",
      "dependencies": {
        "@types/d3-array": "*",
        "@types/geojson": "*"
      }
    },
    "node_modules/@types/d3-delaunay": {
      "version": "6.0.3",
      "resolved": "https://registry.npmjs.org/@types/d3-delaunay/-/d3-delaunay-6.0.3.tgz",
      "integrity": "sha512-+Lf5NPKZ4JBC9tbudVkKceQXRxU3jJs0el9aKQvinMtdnFSOG84eVXyhCNgIFuXNQO3iIcYs7sgzN359FEOZnQ=="
    },
    "node_modules/@types/d3-dispatch": {
      "version": "3.0.5",
      "resolved": "https://registry.npmjs.org/@types/d3-dispatch/-/d3-dispatch-3.0.5.tgz",
      "integrity": "sha512-hxvq2kc+9hydVppo21JCGfcM0tLTh1DXnG3MLN0KlxsNZJH4bsdl1iXDuWtXFpWWlBrCMwSqlnoLPDxNAZU3Bg=="
    },
    "node_modules/@types/d3-drag": {
      "version": "3.0.6",
      "resolved": "https://registry.npmjs.org/@types/d3-drag/-/d3-drag-3.0.6.tgz",
      "integrity": "sha512-5ZlIsUSK/xxSbcg7y+Jh5orvmSM3U0bOu/6X3wk3DNgIeWJxRcZrdLDlqqCN22xC66p9zQiQx5emYYTodDlCTg==",
      "dependencies": {
        "@types/d3-selection": "*"
      }
    },
    "node_modules/@types/d3-dsv": {
      "version": "3.0.6",
      "resolved": "https://registry.npmjs.org/@types/d3-dsv/-/d3-dsv-3.0.6.tgz",
      "integrity": "sha512-Lx1CROFmWCuP6eBw3Hl00QMt7/NLRMb5jIn0vzogrfQi8cFS5OpqHV7Kfg1Zg9k2q6yQ+601RH+ZC3v1OPrvYQ=="
    },
    "node_modules/@types/d3-ease": {
      "version": "3.0.1",
      "resolved": "https://registry.npmjs.org/@types/d3-ease/-/d3-ease-3.0.1.tgz",
      "integrity": "sha512-VZofjpEt8HWv3nxUAosj5o/+4JflnJ7Bbv07k17VO3T2WRuzGdZeookfaF60iVh5RdhVG49LE5w6LIshVUC6rg=="
    },
    "node_modules/@types/d3-fetch": {
      "version": "3.0.6",
      "resolved": "https://registry.npmjs.org/@types/d3-fetch/-/d3-fetch-3.0.6.tgz",
      "integrity": "sha512-pusA8HqnYmj8h5ePCjnRLacF8xgB6il54jD5VxU90ur9/AyQQ3zR3Ib3hqSok9pEUaYXDOJcGK6LWcMF7a7PhA==",
      "dependencies": {
        "@types/d3-dsv": "*"
      }
    },
    "node_modules/@types/d3-force": {
      "version": "3.0.8",
      "resolved": "https://registry.npmjs.org/@types/d3-force/-/d3-force-3.0.8.tgz",
      "integrity": "sha512-3oEkLUuUf9a0V/kRiFRbEivtODZ3bKGpUTLMrPr7C5jJlJ/1++/SUsc8rYfi2E8BVNoUSNXm3ABntiIEIuJYwA=="
    },
    "node_modules/@types/d3-format": {
      "version": "3.0.3",
      "resolved": "https://registry.npmjs.org/@types/d3-format/-/d3-format-3.0.3.tgz",
      "integrity": "sha512-kxuLXSAEJykTeL/EI3tUiEfGqru7PRdqEy099YBnqFl+fF167UVSB4+wntlZv86ZdoYf0DHjsRHnTIm8kcH7qw=="
    },
    "node_modules/@types/d3-geo": {
      "version": "3.0.7",
      "resolved": "https://registry.npmjs.org/@types/d3-geo/-/d3-geo-3.0.7.tgz",
      "integrity": "sha512-j5I/HcDPe0z8AjUnjpweKtzjx+aTGU8Q6R6jnR4jqVlhHBp82hedaT31HVCEsIatacNtSe12XuibJDCQAP0zRg==",
      "dependencies": {
        "@types/geojson": "*"
      }
    },
    "node_modules/@types/d3-hierarchy": {
      "version": "3.1.5",
      "resolved": "https://registry.npmjs.org/@types/d3-hierarchy/-/d3-hierarchy-3.1.5.tgz",
      "integrity": "sha512-DEcBUj1IL3WyPLDlh4m2nsNXnMLITXM5Vwcu4G85yJHtf2cVGPBjgky3L11WBnT+ayHKf06Tchk5mY1eGmd4WQ=="
    },
    "node_modules/@types/d3-interpolate": {
      "version": "3.0.3",
      "resolved": "https://registry.npmjs.org/@types/d3-interpolate/-/d3-interpolate-3.0.3.tgz",
      "integrity": "sha512-6OZ2EIB4lLj+8cUY7I/Cgn9Q+hLdA4DjJHYOQDiHL0SzqS1K9DL5xIOVBSIHgF+tiuO9MU1D36qvdIvRDRPh+Q==",
      "dependencies": {
        "@types/d3-color": "*"
      }
    },
    "node_modules/@types/d3-path": {
      "version": "3.0.1",
      "resolved": "https://registry.npmjs.org/@types/d3-path/-/d3-path-3.0.1.tgz",
      "integrity": "sha512-blRhp7ki7pVznM8k6lk5iUU9paDbVRVq+/xpf0RRgSJn5gr6SE7RcFtxooYGMBOc1RZiGyqRpVdu5AD0z0ooMA=="
    },
    "node_modules/@types/d3-polygon": {
      "version": "3.0.1",
      "resolved": "https://registry.npmjs.org/@types/d3-polygon/-/d3-polygon-3.0.1.tgz",
      "integrity": "sha512-nrcWPk7B9qs6xnpq60Cls44zm9eDmFAv65qi/N/emh/oftnG6uYz49aIS0mdFaGeJxVN8H3pHneMuZMV8EwFdw=="
    },
    "node_modules/@types/d3-quadtree": {
      "version": "3.0.4",
      "resolved": "https://registry.npmjs.org/@types/d3-quadtree/-/d3-quadtree-3.0.4.tgz",
      "integrity": "sha512-B725MopFDIOQ6njFbeOxIEf42HVO2Xv+FmcxQISdOKErvLbFqWz3Riu+OWujUYoogreqqyHBHcGGL/JzzXQYsw=="
    },
    "node_modules/@types/d3-random": {
      "version": "3.0.2",
      "resolved": "https://registry.npmjs.org/@types/d3-random/-/d3-random-3.0.2.tgz",
      "integrity": "sha512-8QhsqkKs6mymAZMrg3ZFXPxKA34rdgp3ZrtB8o6mhFsKAd1gOvR1gocWnca+kmXypQdwgnzKm9gZE2Uw8NjjKw=="
    },
    "node_modules/@types/d3-scale": {
      "version": "4.0.7",
      "resolved": "https://registry.npmjs.org/@types/d3-scale/-/d3-scale-4.0.7.tgz",
      "integrity": "sha512-/YEbMIOtqSFSELqUT8desdT3a7iybPkSQiIx/wN4CZ/5b7wrCvmyXWELTMUYB10k0N5rzHVu4f/OkhulG1b3Lw==",
      "dependencies": {
        "@types/d3-time": "*"
      }
    },
    "node_modules/@types/d3-scale-chromatic": {
      "version": "3.0.1",
      "resolved": "https://registry.npmjs.org/@types/d3-scale-chromatic/-/d3-scale-chromatic-3.0.1.tgz",
      "integrity": "sha512-Ob7OrwiTeQXY/WBBbRHGZBOn6rH1h7y3jjpTSKYqDEeqFjktql6k2XSgNwLrLDmAsXhEn8P9NHDY4VTuo0ZY1w=="
    },
    "node_modules/@types/d3-selection": {
      "version": "3.0.9",
      "resolved": "https://registry.npmjs.org/@types/d3-selection/-/d3-selection-3.0.9.tgz",
      "integrity": "sha512-kpej1+FX3sdL6E3f5R2eySrTVYSRh8OSOWKgEtElTM0ajxOparPf2H6mc32CPJ7aey2NErwenSy/CgNrUvZp0g=="
    },
    "node_modules/@types/d3-shape": {
      "version": "3.1.4",
      "resolved": "https://registry.npmjs.org/@types/d3-shape/-/d3-shape-3.1.4.tgz",
      "integrity": "sha512-M2/xsWPsjaZc5ifMKp1EBp0gqJG0eO/zlldJNOC85Y/5DGsBQ49gDkRJ2h5GY7ZVD6KUumvZWsylSbvTaJTqKg==",
      "dependencies": {
        "@types/d3-path": "*"
      }
    },
    "node_modules/@types/d3-time": {
      "version": "3.0.2",
      "resolved": "https://registry.npmjs.org/@types/d3-time/-/d3-time-3.0.2.tgz",
      "integrity": "sha512-kbdRXTmUgNfw5OTE3KZnFQn6XdIc4QGroN5UixgdrXATmYsdlPQS6pEut9tVlIojtzuFD4txs/L+Rq41AHtLpg=="
    },
    "node_modules/@types/d3-time-format": {
      "version": "4.0.2",
      "resolved": "https://registry.npmjs.org/@types/d3-time-format/-/d3-time-format-4.0.2.tgz",
      "integrity": "sha512-wr08C1Gh77qaN8JIkrn5Rz/bdt5M9bdEqFmEOcYhUSq2t2sHvLTBfb4XAtGB3D4hm0ubj50NXWWXoXyp5tPXDg=="
    },
    "node_modules/@types/d3-timer": {
      "version": "3.0.1",
      "resolved": "https://registry.npmjs.org/@types/d3-timer/-/d3-timer-3.0.1.tgz",
      "integrity": "sha512-GGTvzKccVEhxmRfJEB6zhY9ieT4UhGVUIQaBzFpUO9OXy2ycAlnPCSJLzmGGgqt3KVjqN3QCQB4g1rsZnHsWhg=="
    },
    "node_modules/@types/d3-transition": {
      "version": "3.0.7",
      "resolved": "https://registry.npmjs.org/@types/d3-transition/-/d3-transition-3.0.7.tgz",
      "integrity": "sha512-WY4/HKVWU9Nce8u3szfQVeu0vC9HiB0t80zen2lJza6sE3JZPGTd5omwkUU2PVaosieUgbiGsHx45fZ5ylXO8Q==",
      "dependencies": {
        "@types/d3-selection": "*"
      }
    },
    "node_modules/@types/d3-zoom": {
      "version": "3.0.7",
      "resolved": "https://registry.npmjs.org/@types/d3-zoom/-/d3-zoom-3.0.7.tgz",
      "integrity": "sha512-CXmqq+sFP5GUHzZvni6lgYCrI35FJq39bbzYBqbuaQ8Q4DnQX9l45bkRQxyrqZDuUqg8m/vWoOyg1lOO+wdCRg==",
      "dependencies": {
        "@types/d3-interpolate": "*",
        "@types/d3-selection": "*"
      }
    },
    "node_modules/@types/geojson": {
      "version": "7946.0.13",
      "resolved": "https://registry.npmjs.org/@types/geojson/-/geojson-7946.0.13.tgz",
      "integrity": "sha512-bmrNrgKMOhM3WsafmbGmC+6dsF2Z308vLFsQ3a/bT8X8Sv5clVYpPars/UPq+sAaJP+5OoLAYgwbkS5QEJdLUQ=="
    },
    "node_modules/@types/node": {
      "version": "20.8.10",
      "resolved": "https://registry.npmjs.org/@types/node/-/node-20.8.10.tgz",
      "integrity": "sha512-TlgT8JntpcbmKUFzjhsyhGfP2fsiz1Mv56im6enJ905xG1DAYesxJaeSbGqQmAw8OWPdhyJGhGSQGKRNJ45u9w==",
      "dev": true,
      "dependencies": {
        "undici-types": "~5.26.4"
      }
    },
    "node_modules/@types/prop-types": {
      "version": "15.7.10",
      "resolved": "https://registry.npmjs.org/@types/prop-types/-/prop-types-15.7.10.tgz",
      "integrity": "sha512-mxSnDQxPqsZxmeShFH+uwQ4kO4gcJcGahjjMFeLbKE95IAZiiZyiEepGZjtXJ7hN/yfu0bu9xN2ajcU0JcxX6A==",
      "devOptional": true
    },
    "node_modules/@types/react": {
      "version": "18.2.36",
      "resolved": "https://registry.npmjs.org/@types/react/-/react-18.2.36.tgz",
      "integrity": "sha512-o9XFsHYLLZ4+sb9CWUYwHqFVoG61SesydF353vFMMsQziiyRu8np4n2OYMUSDZ8XuImxDr9c5tR7gidlH29Vnw==",
      "devOptional": true,
      "dependencies": {
        "@types/prop-types": "*",
        "@types/scheduler": "*",
        "csstype": "^3.0.2"
      }
    },
    "node_modules/@types/react-dom": {
      "version": "18.2.14",
      "resolved": "https://registry.npmjs.org/@types/react-dom/-/react-dom-18.2.14.tgz",
      "integrity": "sha512-V835xgdSVmyQmI1KLV2BEIUgqEuinxp9O4G6g3FqO/SqLac049E53aysv0oEFD2kHfejeKU+ZqL2bcFWj9gLAQ==",
      "dev": true,
      "dependencies": {
        "@types/react": "*"
      }
    },
    "node_modules/@types/scheduler": {
      "version": "0.16.5",
      "resolved": "https://registry.npmjs.org/@types/scheduler/-/scheduler-0.16.5.tgz",
      "integrity": "sha512-s/FPdYRmZR8SjLWGMCuax7r3qCWQw9QKHzXVukAuuIJkXkDRwp+Pu5LMIVFi0Fxbav35WURicYr8u1QsoybnQw==",
      "devOptional": true
    },
    "node_modules/busboy": {
      "version": "1.6.0",
      "resolved": "https://registry.npmjs.org/busboy/-/busboy-1.6.0.tgz",
      "integrity": "sha512-8SFQbg/0hQ9xy3UNTB0YEnsNBbWfhf7RtnzpL7TkBiTBRfrQ9Fxcnz7VJsleJpyp6rVLvXiuORqjlHi5q+PYuA==",
      "dependencies": {
        "streamsearch": "^1.1.0"
      },
      "engines": {
        "node": ">=10.16.0"
      }
    },
    "node_modules/caniuse-lite": {
      "version": "1.0.30001561",
      "resolved": "https://registry.npmjs.org/caniuse-lite/-/caniuse-lite-1.0.30001561.tgz",
      "integrity": "sha512-NTt0DNoKe958Q0BE0j0c1V9jbUzhBxHIEJy7asmGrpE0yG63KTV7PLHPnK2E1O9RsQrQ081I3NLuXGS6zht3cw==",
      "funding": [
        {
          "type": "opencollective",
          "url": "https://opencollective.com/browserslist"
        },
        {
          "type": "tidelift",
          "url": "https://tidelift.com/funding/github/npm/caniuse-lite"
        },
        {
          "type": "github",
          "url": "https://github.com/sponsors/ai"
        }
      ]
    },
    "node_modules/classcat": {
      "version": "5.0.4",
      "resolved": "https://registry.npmjs.org/classcat/-/classcat-5.0.4.tgz",
      "integrity": "sha512-sbpkOw6z413p+HDGcBENe498WM9woqWHiJxCq7nvmxe9WmrUmqfAcxpIwAiMtM5Q3AhYkzXcNQHqsWq0mND51g=="
    },
    "node_modules/client-only": {
      "version": "0.0.1",
      "resolved": "https://registry.npmjs.org/client-only/-/client-only-0.0.1.tgz",
      "integrity": "sha512-IV3Ou0jSMzZrd3pZ48nLkT9DA7Ag1pnPzaiQhpW7c3RbcqqzvzzVu+L8gfqMp/8IM2MQtSiqaCxrrcfu8I8rMA=="
    },
    "node_modules/csstype": {
      "version": "3.1.2",
      "resolved": "https://registry.npmjs.org/csstype/-/csstype-3.1.2.tgz",
      "integrity": "sha512-I7K1Uu0MBPzaFKg4nI5Q7Vs2t+3gWWW648spaF+Rg7pI9ds18Ugn+lvg4SHczUdKlHI5LWBXyqfS8+DufyBsgQ==",
      "devOptional": true
    },
    "node_modules/d3-color": {
      "version": "3.1.0",
      "resolved": "https://registry.npmjs.org/d3-color/-/d3-color-3.1.0.tgz",
      "integrity": "sha512-zg/chbXyeBtMQ1LbD/WSoW2DpC3I0mpmPdW+ynRTj/x2DAWYrIY7qeZIHidozwV24m4iavr15lNwIwLxRmOxhA==",
      "engines": {
        "node": ">=12"
      }
    },
    "node_modules/d3-dispatch": {
      "version": "3.0.1",
      "resolved": "https://registry.npmjs.org/d3-dispatch/-/d3-dispatch-3.0.1.tgz",
      "integrity": "sha512-rzUyPU/S7rwUflMyLc1ETDeBj0NRuHKKAcvukozwhshr6g6c5d8zh4c2gQjY2bZ0dXeGLWc1PF174P2tVvKhfg==",
      "engines": {
        "node": ">=12"
      }
    },
    "node_modules/d3-drag": {
      "version": "3.0.0",
      "resolved": "https://registry.npmjs.org/d3-drag/-/d3-drag-3.0.0.tgz",
      "integrity": "sha512-pWbUJLdETVA8lQNJecMxoXfH6x+mO2UQo8rSmZ+QqxcbyA3hfeprFgIT//HW2nlHChWeIIMwS2Fq+gEARkhTkg==",
      "dependencies": {
        "d3-dispatch": "1 - 3",
        "d3-selection": "3"
      },
      "engines": {
        "node": ">=12"
      }
    },
    "node_modules/d3-ease": {
      "version": "3.0.1",
      "resolved": "https://registry.npmjs.org/d3-ease/-/d3-ease-3.0.1.tgz",
      "integrity": "sha512-wR/XK3D3XcLIZwpbvQwQ5fK+8Ykds1ip7A2Txe0yxncXSdq1L9skcG7blcedkOX+ZcgxGAmLX1FrRGbADwzi0w==",
      "engines": {
        "node": ">=12"
      }
    },
    "node_modules/d3-interpolate": {
      "version": "3.0.1",
      "resolved": "https://registry.npmjs.org/d3-interpolate/-/d3-interpolate-3.0.1.tgz",
      "integrity": "sha512-3bYs1rOD33uo8aqJfKP3JWPAibgw8Zm2+L9vBKEHJ2Rg+viTR7o5Mmv5mZcieN+FRYaAOWX5SJATX6k1PWz72g==",
      "dependencies": {
        "d3-color": "1 - 3"
      },
      "engines": {
        "node": ">=12"
      }
    },
    "node_modules/d3-selection": {
      "version": "3.0.0",
      "resolved": "https://registry.npmjs.org/d3-selection/-/d3-selection-3.0.0.tgz",
      "integrity": "sha512-fmTRWbNMmsmWq6xJV8D19U/gw/bwrHfNXxrIN+HfZgnzqTHp9jOmKMhsTUjXOJnZOdZY9Q28y4yebKzqDKlxlQ==",
      "engines": {
        "node": ">=12"
      }
    },
    "node_modules/d3-timer": {
      "version": "3.0.1",
      "resolved": "https://registry.npmjs.org/d3-timer/-/d3-timer-3.0.1.tgz",
      "integrity": "sha512-ndfJ/JxxMd3nw31uyKoY2naivF+r29V+Lc0svZxe1JvvIRmi8hUsrMvdOwgS1o6uBHmiz91geQ0ylPP0aj1VUA==",
      "engines": {
        "node": ">=12"
      }
    },
    "node_modules/d3-transition": {
      "version": "3.0.1",
      "resolved": "https://registry.npmjs.org/d3-transition/-/d3-transition-3.0.1.tgz",
      "integrity": "sha512-ApKvfjsSR6tg06xrL434C0WydLr7JewBB3V+/39RMHsaXTOG0zmt/OAXeng5M5LBm0ojmxJrpomQVZ1aPvBL4w==",
      "dependencies": {
        "d3-color": "1 - 3",
        "d3-dispatch": "1 - 3",
        "d3-ease": "1 - 3",
        "d3-interpolate": "1 - 3",
        "d3-timer": "1 - 3"
      },
      "engines": {
        "node": ">=12"
      },
      "peerDependencies": {
        "d3-selection": "2 - 3"
      }
    },
    "node_modules/d3-zoom": {
      "version": "3.0.0",
      "resolved": "https://registry.npmjs.org/d3-zoom/-/d3-zoom-3.0.0.tgz",
      "integrity": "sha512-b8AmV3kfQaqWAuacbPuNbL6vahnOJflOhexLzMMNLga62+/nh0JzvJ0aO/5a5MVgUFGS7Hu1P9P03o3fJkDCyw==",
      "dependencies": {
        "d3-dispatch": "1 - 3",
        "d3-drag": "2 - 3",
        "d3-interpolate": "1 - 3",
        "d3-selection": "2 - 3",
        "d3-transition": "2 - 3"
      },
      "engines": {
        "node": ">=12"
      }
    },
    "node_modules/glob-to-regexp": {
      "version": "0.4.1",
      "resolved": "https://registry.npmjs.org/glob-to-regexp/-/glob-to-regexp-0.4.1.tgz",
      "integrity": "sha512-lkX1HJXwyMcprw/5YUZc2s7DrpAiHB21/V+E1rHUrVNokkvB6bqMzT0VfV6/86ZNabt1k14YOIaT7nDvOX3Iiw=="
    },
    "node_modules/graceful-fs": {
      "version": "4.2.11",
      "resolved": "https://registry.npmjs.org/graceful-fs/-/graceful-fs-4.2.11.tgz",
      "integrity": "sha512-RbJ5/jmFcNNCcDV5o9eTnBLJ/HszWV0P73bc+Ff4nS/rJj+YaS6IGyiOL0VoBYX+l1Wrl3k63h/KrH+nhJ0XvQ=="
    },
    "node_modules/js-tokens": {
      "version": "4.0.0",
      "resolved": "https://registry.npmjs.org/js-tokens/-/js-tokens-4.0.0.tgz",
      "integrity": "sha512-RdJUflcE3cUzKiMqQgsCu06FPu9UdIJO0beYbPhHN4k6apgJtifcoCtT9bcxOpYBtpD2kCM6Sbzg4CausW/PKQ=="
    },
    "node_modules/loose-envify": {
      "version": "1.4.0",
      "resolved": "https://registry.npmjs.org/loose-envify/-/loose-envify-1.4.0.tgz",
      "integrity": "sha512-lyuxPGr/Wfhrlem2CL/UcnUc1zcqKAImBDzukY7Y5F/yQiNdko6+fRLevlw1HgMySw7f611UIY408EtxRSoK3Q==",
      "dependencies": {
        "js-tokens": "^3.0.0 || ^4.0.0"
      },
      "bin": {
        "loose-envify": "cli.js"
      }
    },
    "node_modules/nanoid": {
      "version": "3.3.7",
      "resolved": "https://registry.npmjs.org/nanoid/-/nanoid-3.3.7.tgz",
      "integrity": "sha512-eSRppjcPIatRIMC1U6UngP8XFcz8MQWGQdt1MTBQ7NaAmvXDfvNxbvWV3x2y6CdEUciCSsDHDQZbhYaB8QEo2g==",
      "funding": [
        {
          "type": "github",
          "url": "https://github.com/sponsors/ai"
        }
      ],
      "bin": {
        "nanoid": "bin/nanoid.cjs"
      },
      "engines": {
        "node": "^10 || ^12 || ^13.7 || ^14 || >=15.0.1"
      }
    },
    "node_modules/next": {
      "version": "14.0.1",
      "resolved": "https://registry.npmjs.org/next/-/next-14.0.1.tgz",
      "integrity": "sha512-s4YaLpE4b0gmb3ggtmpmV+wt+lPRuGtANzojMQ2+gmBpgX9w5fTbjsy6dXByBuENsdCX5pukZH/GxdFgO62+pA==",
      "dependencies": {
        "@next/env": "14.0.1",
        "@swc/helpers": "0.5.2",
        "busboy": "1.6.0",
        "caniuse-lite": "^1.0.30001406",
        "postcss": "8.4.31",
        "styled-jsx": "5.1.1",
        "watchpack": "2.4.0"
      },
      "bin": {
        "next": "dist/bin/next"
      },
      "engines": {
        "node": ">=18.17.0"
      },
      "optionalDependencies": {
        "@next/swc-darwin-arm64": "14.0.1",
        "@next/swc-darwin-x64": "14.0.1",
        "@next/swc-linux-arm64-gnu": "14.0.1",
        "@next/swc-linux-arm64-musl": "14.0.1",
        "@next/swc-linux-x64-gnu": "14.0.1",
        "@next/swc-linux-x64-musl": "14.0.1",
        "@next/swc-win32-arm64-msvc": "14.0.1",
        "@next/swc-win32-ia32-msvc": "14.0.1",
        "@next/swc-win32-x64-msvc": "14.0.1"
      },
      "peerDependencies": {
        "@opentelemetry/api": "^1.1.0",
        "react": "^18.2.0",
        "react-dom": "^18.2.0",
        "sass": "^1.3.0"
      },
      "peerDependenciesMeta": {
        "@opentelemetry/api": {
          "optional": true
        },
        "sass": {
          "optional": true
        }
      }
    },
    "node_modules/picocolors": {
      "version": "1.0.0",
      "resolved": "https://registry.npmjs.org/picocolors/-/picocolors-1.0.0.tgz",
      "integrity": "sha512-1fygroTLlHu66zi26VoTDv8yRgm0Fccecssto+MhsZ0D/DGW2sm8E8AjW7NU5VVTRt5GxbeZ5qBuJr+HyLYkjQ=="
    },
    "node_modules/postcss": {
      "version": "8.4.31",
      "resolved": "https://registry.npmjs.org/postcss/-/postcss-8.4.31.tgz",
      "integrity": "sha512-PS08Iboia9mts/2ygV3eLpY5ghnUcfLV/EXTOW1E2qYxJKGGBUtNjN76FYHnMs36RmARn41bC0AZmn+rR0OVpQ==",
      "funding": [
        {
          "type": "opencollective",
          "url": "https://opencollective.com/postcss/"
        },
        {
          "type": "tidelift",
          "url": "https://tidelift.com/funding/github/npm/postcss"
        },
        {
          "type": "github",
          "url": "https://github.com/sponsors/ai"
        }
      ],
      "dependencies": {
        "nanoid": "^3.3.6",
        "picocolors": "^1.0.0",
        "source-map-js": "^1.0.2"
      },
      "engines": {
        "node": "^10 || ^12 || >=14"
      }
    },
    "node_modules/react": {
      "version": "18.2.0",
      "resolved": "https://registry.npmjs.org/react/-/react-18.2.0.tgz",
      "integrity": "sha512-/3IjMdb2L9QbBdWiW5e3P2/npwMBaU9mHCSCUzNln0ZCYbcfTsGbTJrU/kGemdH2IWmB2ioZ+zkxtmq6g09fGQ==",
      "dependencies": {
        "loose-envify": "^1.1.0"
      },
      "engines": {
        "node": ">=0.10.0"
      }
    },
    "node_modules/react-dom": {
      "version": "18.2.0",
      "resolved": "https://registry.npmjs.org/react-dom/-/react-dom-18.2.0.tgz",
      "integrity": "sha512-6IMTriUmvsjHUjNtEDudZfuDQUoWXVxKHhlEGSk81n4YFS+r/Kl99wXiwlVXtPBtJenozv2P+hxDsw9eA7Xo6g==",
      "dependencies": {
        "loose-envify": "^1.1.0",
        "scheduler": "^0.23.0"
      },
      "peerDependencies": {
        "react": "^18.2.0"
      }
    },
    "node_modules/reactflow": {
      "version": "11.9.4",
      "resolved": "https://registry.npmjs.org/reactflow/-/reactflow-11.9.4.tgz",
      "integrity": "sha512-IHAKBkJngNvU9y1vZ5Nw9rvA3Z+zc9geTgQQIi9qq9Y9knGLlDDr9KfsjbFMew9AycAAgVg8TvBEakF4IT5lqg==",
      "dependencies": {
        "@reactflow/background": "11.3.4",
        "@reactflow/controls": "11.2.4",
        "@reactflow/core": "11.9.4",
        "@reactflow/minimap": "11.7.4",
        "@reactflow/node-resizer": "2.2.4",
        "@reactflow/node-toolbar": "1.3.4"
      },
      "peerDependencies": {
        "react": ">=17",
        "react-dom": ">=17"
      }
    },
    "node_modules/scheduler": {
      "version": "0.23.0",
      "resolved": "https://registry.npmjs.org/scheduler/-/scheduler-0.23.0.tgz",
      "integrity": "sha512-CtuThmgHNg7zIZWAXi3AsyIzA3n4xx7aNyjwC2VJldO2LMVDhFK+63xGqq6CsJH4rTAt6/M+N4GhZiDYPx9eUw==",
      "dependencies": {
        "loose-envify": "^1.1.0"
      }
    },
    "node_modules/source-map-js": {
      "version": "1.0.2",
      "resolved": "https://registry.npmjs.org/source-map-js/-/source-map-js-1.0.2.tgz",
      "integrity": "sha512-R0XvVJ9WusLiqTCEiGCmICCMplcCkIwwR11mOSD9CR5u+IXYdiseeEuXCVAjS54zqwkLcPNnmU4OeJ6tUrWhDw==",
      "engines": {
        "node": ">=0.10.0"
      }
    },
    "node_modules/streamsearch": {
      "version": "1.1.0",
      "resolved": "https://registry.npmjs.org/streamsearch/-/streamsearch-1.1.0.tgz",
      "integrity": "sha512-Mcc5wHehp9aXz1ax6bZUyY5afg9u2rv5cqQI3mRrYkGC8rW2hM02jWuwjtL++LS5qinSyhj2QfLyNsuc+VsExg==",
      "engines": {
        "node": ">=10.0.0"
      }
    },
    "node_modules/styled-jsx": {
      "version": "5.1.1",
      "resolved": "https://registry.npmjs.org/styled-jsx/-/styled-jsx-5.1.1.tgz",
      "integrity": "sha512-pW7uC1l4mBZ8ugbiZrcIsiIvVx1UmTfw7UkC3Um2tmfUq9Bhk8IiyEIPl6F8agHgjzku6j0xQEZbfA5uSgSaCw==",
      "dependencies": {
        "client-only": "0.0.1"
      },
      "engines": {
        "node": ">= 12.0.0"
      },
      "peerDependencies": {
        "react": ">= 16.8.0 || 17.x.x || ^18.0.0-0"
      },
      "peerDependenciesMeta": {
        "@babel/core": {
          "optional": true
        },
        "babel-plugin-macros": {
          "optional": true
        }
      }
    },
    "node_modules/tslib": {
      "version": "2.6.2",
      "resolved": "https://registry.npmjs.org/tslib/-/tslib-2.6.2.tgz",
      "integrity": "sha512-AEYxH93jGFPn/a2iVAwW87VuUIkR1FVUKB77NwMF7nBTDkDrrT/Hpt/IrCJ0QXhW27jTBDcf5ZY7w6RiqTMw2Q=="
    },
    "node_modules/typescript": {
      "version": "5.2.2",
      "resolved": "https://registry.npmjs.org/typescript/-/typescript-5.2.2.tgz",
      "integrity": "sha512-mI4WrpHsbCIcwT9cF4FZvr80QUeKvsUsUvKDoR+X/7XHQH98xYD8YHZg7ANtz2GtZt/CBq2QJ0thkGJMHfqc1w==",
      "dev": true,
      "bin": {
        "tsc": "bin/tsc",
        "tsserver": "bin/tsserver"
      },
      "engines": {
        "node": ">=14.17"
      }
    },
    "node_modules/undici-types": {
      "version": "5.26.5",
      "resolved": "https://registry.npmjs.org/undici-types/-/undici-types-5.26.5.tgz",
      "integrity": "sha512-JlCMO+ehdEIKqlFxk6IfVoAUVmgz7cU7zD/h9XZ0qzeosSHmUJVOzSQvvYSYWXkFXC+IfLKSIffhv0sVZup6pA==",
      "dev": true
    },
    "node_modules/use-sync-external-store": {
      "version": "1.2.0",
      "resolved": "https://registry.npmjs.org/use-sync-external-store/-/use-sync-external-store-1.2.0.tgz",
      "integrity": "sha512-eEgnFxGQ1Ife9bzYs6VLi8/4X6CObHMw9Qr9tPY43iKwsPw8xE8+EFsf/2cFZ5S3esXgpWgtSCtLNS41F+sKPA==",
      "peerDependencies": {
        "react": "^16.8.0 || ^17.0.0 || ^18.0.0"
      }
    },
    "node_modules/watchpack": {
      "version": "2.4.0",
      "resolved": "https://registry.npmjs.org/watchpack/-/watchpack-2.4.0.tgz",
      "integrity": "sha512-Lcvm7MGST/4fup+ifyKi2hjyIAwcdI4HRgtvTpIUxBRhB+RFtUh8XtDOxUfctVCnhVi+QQj49i91OyvzkJl6cg==",
      "dependencies": {
        "glob-to-regexp": "^0.4.1",
        "graceful-fs": "^4.1.2"
      },
      "engines": {
        "node": ">=10.13.0"
      }
    },
    "node_modules/zustand": {
      "version": "4.4.6",
      "resolved": "https://registry.npmjs.org/zustand/-/zustand-4.4.6.tgz",
      "integrity": "sha512-Rb16eW55gqL4W2XZpJh0fnrATxYEG3Apl2gfHTyDSE965x/zxslTikpNch0JgNjJA9zK6gEFW8Fl6d1rTZaqgg==",
      "dependencies": {
        "use-sync-external-store": "1.2.0"
      },
      "engines": {
        "node": ">=12.7.0"
      },
      "peerDependencies": {
        "@types/react": ">=16.8",
        "immer": ">=9.0",
        "react": ">=16.8"
      },
      "peerDependenciesMeta": {
        "@types/react": {
          "optional": true
        },
        "immer": {
          "optional": true
        },
        "react": {
          "optional": true
        }
      }
    }
  }
}
